
Microsoft Visual Studio Solution File, Format Version 12.00
# Visual Studio Version 17
VisualStudioVersion = 17.7.34202.233
MinimumVisualStudioVersion = 10.0.40219.1
Project("{FAE04EC0-301F-11D3-BF4B-00C04F79EFBC}") = "PasswordValidatorApi", "PasswordValidatorApi.csproj", "{548FDFCF-DC8D-4821-B669-AF62E05E37BB}"
EndProject
Global
	GlobalSection(SolutionConfigurationPlatforms) = preSolution
		Debug|Any CPU = Debug|Any CPU
		Release|Any CPU = Release|Any CPU
	EndGlobalSection
	GlobalSection(ProjectConfigurationPlatforms) = postSolution
		{548FDFCF-DC8D-4821-B669-AF62E05E37BB}.Debug|Any CPU.ActiveCfg = Debug|Any CPU
		{548FDFCF-DC8D-4821-B669-AF62E05E37BB}.Debug|Any CPU.Build.0 = Debug|Any CPU
		{548FDFCF-DC8D-4821-B669-AF62E05E37BB}.Release|Any CPU.ActiveCfg = Release|Any CPU
		{548FDFCF-DC8D-4821-B669-AF62E05E37BB}.Release|Any CPU.Build.0 = Release|Any CPU
	EndGlobalSection
	GlobalSection(SolutionProperties) = preSolution
		HideSolutionNode = FALSE
	EndGlobalSection
	GlobalSection(ExtensibilityGlobals) = postSolution
		SolutionGuid = {669AFA97-D71C-4FB6-861E-C8F740E8E11A}
	EndGlobalSection
EndGlobal
